// !$*UTF8*$!
{
	archiveVersion = 1;
	classes = {
	};
	objectVersion = 46;
	objects = {

/* Begin PBXBuildFile section */
		85301CE81DF2F06100FA159A /* AppDelegate.swift in Sources */ = {isa = PBXBuildFile; fileRef = 85301CE71DF2F06100FA159A /* AppDelegate.swift */; };
		85301CEA1DF2F06100FA159A /* ViewController.swift in Sources */ = {isa = PBXBuildFile; fileRef = 85301CE91DF2F06100FA159A /* ViewController.swift */; };
		85301CED1DF2F06100FA159A /* Main.storyboard in Resources */ = {isa = PBXBuildFile; fileRef = 85301CEB1DF2F06100FA159A /* Main.storyboard */; };
		85301CF01DF2F06100FA159A /* iSpend.xcdatamodeld in Sources */ = {isa = PBXBuildFile; fileRef = 85301CEE1DF2F06100FA159A /* iSpend.xcdatamodeld */; };
		85301CF21DF2F06100FA159A /* Assets.xcassets in Resources */ = {isa = PBXBuildFile; fileRef = 85301CF11DF2F06100FA159A /* Assets.xcassets */; };
		85301CF51DF2F06100FA159A /* LaunchScreen.storyboard in Resources */ = {isa = PBXBuildFile; fileRef = 85301CF31DF2F06100FA159A /* LaunchScreen.storyboard */; };
		85301D001DF2F06100FA159A /* iSpendTests.swift in Sources */ = {isa = PBXBuildFile; fileRef = 85301CFF1DF2F06100FA159A /* iSpendTests.swift */; };
/* End PBXBuildFile section */

/* Begin PBXContainerItemProxy section */
		85301CFC1DF2F06100FA159A /* PBXContainerItemProxy */ = {
			isa = PBXContainerItemProxy;
			containerPortal = 85301CDC1DF2F06100FA159A /* Project object */;
			proxyType = 1;
			remoteGlobalIDString = 85301CE31DF2F06100FA159A;
			remoteInfo = iSpend;
		};
/* End PBXContainerItemProxy section */

/* Begin PBXFileReference section */
		85301CE41DF2F06100FA159A /* iSpend.app */ = {isa = PBXFileReference; explicitFileType = wrapper.application; includeInIndex = 0; path = iSpend.app; sourceTree = BUILT_PRODUCTS_DIR; };
		85301CE71DF2F06100FA159A /* AppDelegate.swift */ = {isa = PBXFileReference; lastKnownFileType = sourcecode.swift; path = AppDelegate.swift; sourceTree = "<group>"; };
		85301CE91DF2F06100FA159A /* ViewController.swift */ = {isa = PBXFileReference; lastKnownFileType = sourcecode.swift; path = ViewController.swift; sourceTree = "<group>"; };
		85301CEC1DF2F06100FA159A /* Base */ = {isa = PBXFileReference; lastKnownFileType = file.storyboard; name = Base; path = Base.lproj/Main.storyboard; sourceTree = "<group>"; };
		85301CEF1DF2F06100FA159A /* iSpend.xcdatamodel */ = {isa = PBXFileReference; lastKnownFileType = wrapper.xcdatamodel; path = iSpend.xcdatamodel; sourceTree = "<group>"; };
		85301CF11DF2F06100FA159A /* Assets.xcassets */ = {isa = PBXFileReference; lastKnownFileType = folder.assetcatalog; path = Assets.xcassets; sourceTree = "<group>"; };
		85301CF41DF2F06100FA159A /* Base */ = {isa = PBXFileReference; lastKnownFileType = file.storyboard; name = Base; path = Base.lproj/LaunchScreen.storyboard; sourceTree = "<group>"; };
		85301CF61DF2F06100FA159A /* Info.plist */ = {isa = PBXFileReference; lastKnownFileType = text.plist.xml; path = Info.plist; sourceTree = "<group>"; };
		85301CFB1DF2F06100FA159A /* iSpendTests.xctest */ = {isa = PBXFileReference; explicitFileType = wrapper.cfbundle; includeInIndex = 0; path = iSpendTests.xctest; sourceTree = BUILT_PRODUCTS_DIR; };
		85301CFF1DF2F06100FA159A /* iSpendTests.swift */ = {isa = PBXFileReference; lastKnownFileType = sourcecode.swift; path = iSpendTests.swift; sourceTree = "<group>"; };
		85301D011DF2F06100FA159A /* Info.plist */ = {isa = PBXFileReference; lastKnownFileType = text.plist.xml; path = Info.plist; sourceTree = "<group>"; };
/* End PBXFileReference section */

/* Begin PBXFrameworksBuildPhase section */
		85301CE11DF2F06100FA159A /* Frameworks */ = {
			isa = PBXFrameworksBuildPhase;
			buildActionMask = 2147483647;
			files = (
			);
			runOnlyForDeploymentPostprocessing = 0;
		};
		85301CF81DF2F06100FA159A /* Frameworks */ = {
			isa = PBXFrameworksBuildPhase;
			buildActionMask = 2147483647;
			files = (
			);
			runOnlyForDeploymentPostprocessing = 0;
		};
/* End PBXFrameworksBuildPhase section */

/* Begin PBXGroup section */
		85301CDB1DF2F06100FA159A = {
			isa = PBXGroup;
			children = (
				85301CE61DF2F06100FA159A /* iSpend */,
				85301CFE1DF2F06100FA159A /* iSpendTests */,
				85301CE51DF2F06100FA159A /* Products */,
			);
			sourceTree = "<group>";
		};
		85301CE51DF2F06100FA159A /* Products */ = {
			isa = PBXGroup;
			children = (
				85301CE41DF2F06100FA159A /* iSpend.app */,
				85301CFB1DF2F06100FA159A /* iSpendTests.xctest */,
			);
			name = Products;
			sourceTree = "<group>";
		};
		85301CE61DF2F06100FA159A /* iSpend */ = {
			isa = PBXGroup;
			children = (
				85301CE71DF2F06100FA159A /* AppDelegate.swift */,
				85301CE91DF2F06100FA159A /* ViewController.swift */,
				85301CEB1DF2F06100FA159A /* Main.storyboard */,
				85301CF11DF2F06100FA159A /* Assets.xcassets */,
				85301CF31DF2F06100FA159A /* LaunchScreen.storyboard */,
				85301CF61DF2F06100FA159A /* Info.plist */,
				85301CEE1DF2F06100FA159A /* iSpend.xcdatamodeld */,
			);
			path = iSpend;
			sourceTree = "<group>";
		};
		85301CFE1DF2F06100FA159A /* iSpendTests */ = {
			isa = PBXGroup;
			children = (
				85301CFF1DF2F06100FA159A /* iSpendTests.swift */,
				85301D011DF2F06100FA159A /* Info.plist */,
			);
			path = iSpendTests;
			sourceTree = "<group>";
		};
/* End PBXGroup section */

/* Begin PBXNativeTarget section */
		85301CE31DF2F06100FA159A /* iSpend */ = {
			isa = PBXNativeTarget;
			buildConfigurationList = 85301D041DF2F06100FA159A /* Build configuration list for PBXNativeTarget "iSpend" */;
			buildPhases = (
				85301CE01DF2F06100FA159A /* Sources */,
				85301CE11DF2F06100FA159A /* Frameworks */,
				85301CE21DF2F06100FA159A /* Resources */,
			);
			buildRules = (
			);
			dependencies = (
			);
			name = iSpend;
			productName = iSpend;
			productReference = 85301CE41DF2F06100FA159A /* iSpend.app */;
			productType = "com.apple.product-type.application";
		};
		85301CFA1DF2F06100FA159A /* iSpendTests */ = {
			isa = PBXNativeTarget;
			buildConfigurationList = 85301D071DF2F06100FA159A /* Build configuration list for PBXNativeTarget "iSpendTests" */;
			buildPhases = (
				85301CF71DF2F06100FA159A /* Sources */,
				85301CF81DF2F06100FA159A /* Frameworks */,
				85301CF91DF2F06100FA159A /* Resources */,
			);
			buildRules = (
			);
			dependencies = (
				85301CFD1DF2F06100FA159A /* PBXTargetDependency */,
			);
			name = iSpendTests;
			productName = iSpendTests;
			productReference = 85301CFB1DF2F06100FA159A /* iSpendTests.xctest */;
			productType = "com.apple.product-type.bundle.unit-test";
		};
/* End PBXNativeTarget section */

/* Begin PBXProject section */
		85301CDC1DF2F06100FA159A /* Project object */ = {
			isa = PBXProject;
			attributes = {
				LastSwiftUpdateCheck = 0810;
				LastUpgradeCheck = 0810;
				ORGANIZATIONNAME = BondTwins;
				TargetAttributes = {
					85301CE31DF2F06100FA159A = {
						CreatedOnToolsVersion = 8.1;
						DevelopmentTeam = R6WJ347JRQ;
						ProvisioningStyle = Automatic;
					};
					85301CFA1DF2F06100FA159A = {
						CreatedOnToolsVersion = 8.1;
						DevelopmentTeam = R6WJ347JRQ;
						ProvisioningStyle = Automatic;
						TestTargetID = 85301CE31DF2F06100FA159A;
					};
				};
			};
			buildConfigurationList = 85301CDF1DF2F06100FA159A /* Build configuration list for PBXProject "iSpend" */;
			compatibilityVersion = "Xcode 3.2";
			developmentRegion = English;
			hasScannedForEncodings = 0;
			knownRegions = (
				en,
				Base,
			);
			mainGroup = 85301CDB1DF2F06100FA159A;
			productRefGroup = 85301CE51DF2F06100FA159A /* Products */;
			projectDirPath = "";
			projectRoot = "";
			targets = (
				85301CE31DF2F06100FA159A /* iSpend */,
				85301CFA1DF2F06100FA159A /* iSpendTests */,
			);
		};
/* End PBXProject section */

/* Begin PBXResourcesBuildPhase section */
		85301CE21DF2F06100FA159A /* Resources */ = {
			isa = PBXResourcesBuildPhase;
			buildActionMask = 2147483647;
			files = (
				85301CF51DF2F06100FA159A /* LaunchScreen.storyboard in Resources */,
				85301CF21DF2F06100FA159A /* Assets.xcassets in Resources */,
				85301CED1DF2F06100FA159A /* Main.storyboard in Resources */,
			);
			runOnlyForDeploymentPostprocessing = 0;
		};
		85301CF91DF2F06100FA159A /* Resources */ = {
			isa = PBXResourcesBuildPhase;
			buildActionMask = 2147483647;
			files = (
			);
			runOnlyForDeploymentPostprocessing = 0;
		};
/* End PBXResourcesBuildPhase section */

/* Begin PBXSourcesBuildPhase section */
		85301CE01DF2F06100FA159A /* Sources */ = {
			isa = PBXSourcesBuildPhase;
			buildActionMask = 2147483647;
			files = (
				85301CEA1DF2F06100FA159A /* ViewController.swift in Sources */,
				85301CF01DF2F06100FA159A /* iSpend.xcdatamodeld in Sources */,
				85301CE81DF2F06100FA159A /* AppDelegate.swift in Sources */,
			);
			runOnlyForDeploymentPostprocessing = 0;
		};
		85301CF71DF2F06100FA159A /* Sources */ = {
			isa = PBXSourcesBuildPhase;
			buildActionMask = 2147483647;
			files = (
				85301D001DF2F06100FA159A /* iSpendTests.swift in Sources */,
			);
			runOnlyForDeploymentPostprocessing = 0;
		};
/* End PBXSourcesBuildPhase section */

/* Begin PBXTargetDependency section */
		85301CFD1DF2F06100FA159A /* PBXTargetDependency */ = {
			isa = PBXTargetDependency;
			target = 85301CE31DF2F06100FA159A /* iSpend */;
			targetProxy = 85301CFC1DF2F06100FA159A /* PBXContainerItemProxy */;
		};
/* End PBXTargetDependency section */

/* Begin PBXVariantGroup section */
		85301CEB1DF2F06100FA159A /* Main.storyboard */ = {
			isa = PBXVariantGroup;
			children = (
				85301CEC1DF2F06100FA159A /* Base */,
			);
			name = Main.storyboard;
			sourceTree = "<group>";
		};
		85301CF31DF2F06100FA159A /* LaunchScreen.storyboard */ = {
			isa = PBXVariantGroup;
			children = (
				85301CF41DF2F06100FA159A /* Base */,
			);
			name = LaunchScreen.storyboard;
			sourceTree = "<group>";
		};
/* End PBXVariantGroup section */

/* Begin XCBuildConfiguration section */
		85301D021DF2F06100FA159A /* Debug */ = {
			isa = XCBuildConfiguration;
			buildSettings = {
				ALWAYS_SEARCH_USER_PATHS = NO;
				CLANG_ANALYZER_NONNULL = YES;
				CLANG_CXX_LANGUAGE_STANDARD = "gnu++0x";
				CLANG_CXX_LIBRARY = "libc++";
				CLANG_ENABLE_MODULES = YES;
				CLANG_ENABLE_OBJC_ARC = YES;
				CLANG_WARN_BOOL_CONVERSION = YES;
				CLANG_WARN_CONSTANT_CONVERSION = YES;
				CLANG_WARN_DIRECT_OBJC_ISA_USAGE = YES_ERROR;
				CLANG_WARN_DOCUMENTATION_COMMENTS = YES;
				CLANG_WARN_EMPTY_BODY = YES;
				CLANG_WARN_ENUM_CONVERSION = YES;
				CLANG_WARN_INFINITE_RECURSION = YES;
				CLANG_WARN_INT_CONVERSION = YES;
				CLANG_WARN_OBJC_ROOT_CLASS = YES_ERROR;
				CLANG_WARN_SUSPICIOUS_MOVES = YES;
				CLANG_WARN_UNREACHABLE_CODE = YES;
				CLANG_WARN__DUPLICATE_METHOD_MATCH = YES;
				"CODE_SIGN_IDENTITY[sdk=iphoneos*]" = "iPhone Developer";
				COPY_PHASE_STRIP = NO;
				DEBUG_INFORMATION_FORMAT = dwarf;
				ENABLE_STRICT_OBJC_MSGSEND = YES;
				ENABLE_TESTABILITY = YES;
				GCC_C_LANGUAGE_STANDARD = gnu99;
				GCC_DYNAMIC_NO_PIC = NO;
				GCC_NO_COMMON_BLOCKS = YES;
				GCC_OPTIMIZATION_LEVEL = 0;
				GCC_PREPROCESSOR_DEFINITIONS = (
					"DEBUG=1",
					"$(inherited)",
				);
				GCC_WARN_64_TO_32_BIT_CONVERSION = YES;
				GCC_WARN_ABOUT_RETURN_TYPE = YES_ERROR;
				GCC_WARN_UNDECLARED_SELECTOR = YES;
				GCC_WARN_UNINITIALIZED_AUTOS = YES_AGGRESSIVE;
				GCC_WARN_UNUSED_FUNCTION = YES;
				GCC_WARN_UNUSED_VARIABLE = YES;
				IPHONEOS_DEPLOYMENT_TARGET = 10.1;
				MTL_ENABLE_DEBUG_INFO = YES;
				ONLY_ACTIVE_ARCH = YES;
				SDKROOT = iphoneos;
				SWIFT_ACTIVE_COMPILATION_CONDITIONS = DEBUG;
				SWIFT_OPTIMIZATION_LEVEL = "-Onone";
			};
			name = Debug;
		};
		85301D031DF2F06100FA159A /* Release */ = {
			isa = XCBuildConfiguration;
			buildSettings = {
				ALWAYS_SEARCH_USER_PATHS = NO;
				CLANG_ANALYZER_NONNULL = YES;
				CLANG_CXX_LANGUAGE_STANDARD = "gnu++0x";
				CLANG_CXX_LIBRARY = "libc++";
				CLANG_ENABLE_MODULES = YES;
				CLANG_ENABLE_OBJC_ARC = YES;
				CLANG_WARN_BOOL_CONVERSION = YES;
				CLANG_WARN_CONSTANT_CONVERSION = YES;
				CLANG_WARN_DIRECT_OBJC_ISA_USAGE = YES_ERROR;
				CLANG_WARN_DOCUMENTATION_COMMENTS = YES;
				CLANG_WARN_EMPTY_BODY = YES;
				CLANG_WARN_ENUM_CONVERSION = YES;
				CLANG_WARN_INFINITE_RECURSION = YES;
				CLANG_WARN_INT_CONVERSION = YES;
				CLANG_WARN_OBJC_ROOT_CLASS = YES_ERROR;
				CLANG_WARN_SUSPICIOUS_MOVES = YES;
				CLANG_WARN_UNREACHABLE_CODE = YES;
				CLANG_WARN__DUPLICATE_METHOD_MATCH = YES;
				"CODE_SIGN_IDENTITY[sdk=iphoneos*]" = "iPhone Developer";
				COPY_PHASE_STRIP = NO;
				DEBUG_INFORMATION_FORMAT = "dwarf-with-dsym";
				ENABLE_NS_ASSERTIONS = NO;
				ENABLE_STRICT_OBJC_MSGSEND = YES;
				GCC_C_LANGUAGE_STANDARD = gnu99;
				GCC_NO_COMMON_BLOCKS = YES;
				GCC_WARN_64_TO_32_BIT_CONVERSION = YES;
				GCC_WARN_ABOUT_RETURN_TYPE = YES_ERROR;
				GCC_WARN_UNDECLARED_SELECTOR = YES;
				GCC_WARN_UNINITIALIZED_AUTOS = YES_AGGRESSIVE;
				GCC_WARN_UNUSED_FUNCTION = YES;
				GCC_WARN_UNUSED_VARIABLE = YES;
				IPHONEOS_DEPLOYMENT_TARGET = 10.1;
				MTL_ENABLE_DEBUG_INFO = NO;
				SDKROOT = iphoneos;
				SWIFT_OPTIMIZATION_LEVEL = "-Owholemodule";
				VALIDATE_PRODUCT = YES;
			};
			name = Release;
		};
		85301D051DF2F06100FA159A /* Debug */ = {
			isa = XCBuildConfiguration;
			buildSettings = {
				ASSETCATALOG_COMPILER_APPICON_NAME = AppIcon;
				DEVELOPMENT_TEAM = R6WJ347JRQ;
				INFOPLIST_FILE = iSpend/Info.plist;
				LD_RUNPATH_SEARCH_PATHS = "$(inherited) @executable_path/Frameworks";
				PRODUCT_BUNDLE_IDENTIFIER = com.bondtwins.iSpend;
				PRODUCT_NAME = "$(TARGET_NAME)";
				SWIFT_VERSION = 3.0;
			};
			name = Debug;
		};
		85301D061DF2F06100FA159A /* Release */ = {
			isa = XCBuildConfiguration;
			buildSettings = {
				ASSETCATALOG_COMPILER_APPICON_NAME = AppIcon;
				DEVELOPMENT_TEAM = R6WJ347JRQ;
				INFOPLIST_FILE = iSpend/Info.plist;
				LD_RUNPATH_SEARCH_PATHS = "$(inherited) @executable_path/Frameworks";
				PRODUCT_BUNDLE_IDENTIFIER = com.bondtwins.iSpend;
				PRODUCT_NAME = "$(TARGET_NAME)";
				SWIFT_VERSION = 3.0;
			};
			name = Release;
		};
		85301D081DF2F06100FA159A /* Debug */ = {
			isa = XCBuildConfiguration;
			buildSettings = {
				ALWAYS_EMBED_SWIFT_STANDARD_LIBRARIES = YES;
				BUNDLE_LOADER = "$(TEST_HOST)";
				DEVELOPMENT_TEAM = R6WJ347JRQ;
				INFOPLIST_FILE = iSpendTests/Info.plist;
				LD_RUNPATH_SEARCH_PATHS = "$(inherited) @executable_path/Frameworks @loader_path/Frameworks";
				PRODUCT_BUNDLE_IDENTIFIER = com.bondtwins.iSpendTests;
				PRODUCT_NAME = "$(TARGET_NAME)";
				SWIFT_VERSION = 3.0;
				TEST_HOST = "$(BUILT_PRODUCTS_DIR)/iSpend.app/iSpend";
			};
			name = Debug;
		};
		85301D091DF2F06100FA159A /* Release */ = {
			isa = XCBuildConfiguration;
			buildSettings = {
				ALWAYS_EMBED_SWIFT_STANDARD_LIBRARIES = YES;
				BUNDLE_LOADER = "$(TEST_HOST)";
				DEVELOPMENT_TEAM = R6WJ347JRQ;
				INFOPLIST_FILE = iSpendTests/Info.plist;
				LD_RUNPATH_SEARCH_PATHS = "$(inherited) @executable_path/Frameworks @loader_path/Frameworks";
				PRODUCT_BUNDLE_IDENTIFIER = com.bondtwins.iSpendTests;
				PRODUCT_NAME = "$(TARGET_NAME)";
				SWIFT_VERSION = 3.0;
				TEST_HOST = "$(BUILT_PRODUCTS_DIR)/iSpend.app/iSpend";
			};
			name = Release;
		};
/* End XCBuildConfiguration section */

/* Begin XCConfigurationList section */
		85301CDF1DF2F06100FA159A /* Build configuration list for PBXProject "iSpend" */ = {
			isa = XCConfigurationList;
			buildConfigurations = (
				85301D021DF2F06100FA159A /* Debug */,
				85301D031DF2F06100FA159A /* Release */,
			);
			defaultConfigurationIsVisible = 0;
			defaultConfigurationName = Release;
		};
		85301D041DF2F06100FA159A /* Build configuration list for PBXNativeTarget "iSpend" */ = {
			isa = XCConfigurationList;
			buildConfigurations = (
				85301D051DF2F06100FA159A /* Debug */,
				85301D061DF2F06100FA159A /* Release */,
			);
			defaultConfigurationIsVisible = 0;
		};
		85301D071DF2F06100FA159A /* Build configuration list for PBXNativeTarget "iSpendTests" */ = {
			isa = XCConfigurationList;
			buildConfigurations = (
				85301D081DF2F06100FA159A /* Debug */,
				85301D091DF2F06100FA159A /* Release */,
			);
			defaultConfigurationIsVisible = 0;
		};
/* End XCConfigurationList section */

/* Begin XCVersionGroup section */
		85301CEE1DF2F06100FA159A /* iSpend.xcdatamodeld */ = {
			isa = XCVersionGroup;
			children = (
				85301CEF1DF2F06100FA159A /* iSpend.xcdatamodel */,
			);
			currentVersion = 85301CEF1DF2F06100FA159A /* iSpend.xcdatamodel */;
			path = iSpend.xcdatamodeld;
			sourceTree = "<group>";
			versionGroupType = wrapper.xcdatamodel;
		};
/* End XCVersionGroup section */
	};
	rootObject = 85301CDC1DF2F06100FA159A /* Project object */;
}
